<?xml version="1.0" encoding="utf-8"?>
<Project ToolsVersion="4.0" xmlns="http://schemas.microsoft.com/developer/msbuild/2003">
  <ItemGroup>
    <Filter Include="Source Files">
      <UniqueIdentifier>{4FC737F1-C7A5-4376-A066-2A32D752A2FF}</UniqueIdentifier>
      <Extensions>cpp;c;cc;cxx;def;odl;idl;hpj;bat;asm;asmx</Extensions>
    </Filter>
    <Filter Include="Header Files">
      <UniqueIdentifier>{93995380-89BD-4b04-88EB-625FBE52EBFB}</UniqueIdentifier>
      <Extensions>h;hpp;hxx;hm;inl;inc;xsd</Extensions>
    </Filter>
    <Filter Include="Resource Files">
      <UniqueIdentifier>{67DA6AB6-F800-4c08-8B7A-83BB121AAD01}</UniqueIdentifier>
      <Extensions>rc;ico;cur;bmp;dlg;rc2;rct;bin;rgs;gif;jpg;jpeg;jpe;resx;tiff;tif;png;wav;mfcribbon-ms</Extensions>
    </Filter>
  </ItemGroup>
  <ItemGroup>
    <ClCompile Include="..\..\angleproject\trunk\src\compiler\preprocessor\new\ExpressionParser.cpp">
      <Filter>Source Files</Filter>
    </ClCompile>
    <ClCompile Include="..\..\angleproject\trunk\src\compiler\preprocessor\new\Input.cpp">
      <Filter>Source Files</Filter>
    </ClCompile>
    <ClCompile Include="..\..\angleproject\trunk\src\compiler\preprocessor\new\Lexer.cpp">
      <Filter>Source Files</Filter>
    </ClCompile>
    <ClCompile Include="..\..\angleproject\trunk\src\compiler\preprocessor\new\Macro.cpp">
      <Filter>Source Files</Filter>
    </ClCompile>
    <ClCompile Include="..\..\angleproject\trunk\src\compiler\preprocessor\new\MacroExpander.cpp">
      <Filter>Source Files</Filter>
    </ClCompile>
    <ClCompile Include="..\..\angleproject\trunk\src\compiler\preprocessor\new\Preprocessor.cpp">
      <Filter>Source Files</Filter>
    </ClCompile>
    <ClCompile Include="..\..\angleproject\trunk\src\compiler\preprocessor\new\Token.cpp">
      <Filter>Source Files</Filter>
    </ClCompile>
    <ClCompile Include="..\..\angleproject\trunk\src\compiler\preprocessor\new\Tokenizer.cpp">
      <Filter>Source Files</Filter>
    </ClCompile>
    <ClCompile Include="..\..\angleproject\trunk\src\compiler\preprocessor\new\Diagnostics.cpp">
      <Filter>Source Files</Filter>
    </ClCompile>
    <ClCompile Include="..\..\angleproject\trunk\src\compiler\preprocessor\new\DirectiveHandler.cpp">
      <Filter>Source Files</Filter>
    </ClCompile>
    <ClCompile Include="..\..\angleproject\trunk\src\compiler\preprocessor\new\DirectiveParser.cpp">
      <Filter>Source Files</Filter>
    </ClCompile>
  </ItemGroup>
  <ItemGroup>
    <ClInclude Include="..\..\angleproject\trunk\src\compiler\preprocessor\new\Macro.h">
      <Filter>Header Files</Filter>
    </ClInclude>
    <ClInclude Include="..\..\angleproject\trunk\src\compiler\preprocessor\new\MacroExpander.h">
      <Filter>Header Files</Filter>
    </ClInclude>
    <ClInclude Include="..\..\angleproject\trunk\src\compiler\preprocessor\new\numeric_lex.h">
      <Filter>Header Files</Filter>
    </ClInclude>
    <ClInclude Include="..\..\angleproject\trunk\src\compiler\preprocessor\new\pp_utils.h">
      <Filter>Header Files</Filter>
    </ClInclude>
    <ClInclude Include="..\..\angleproject\trunk\src\compiler\preprocessor\new\Preprocessor.h">
      <Filter>Header Files</Filter>
    </ClInclude>
    <ClInclude Include="..\..\angleproject\trunk\src\compiler\preprocessor\new\SourceLocation.h">
      <Filter>Header Files</Filter>
    </ClInclude>
    <ClInclude Include="..\..\angleproject\trunk\src\compiler\preprocessor\new\Diagnostics.h">
      <Filter>Header Files</Filter>
    </ClInclude>
    <ClInclude Include="..\..\angleproject\trunk\src\compiler\preprocessor\new\DirectiveHandler.h">
      <Filter>Header Files</Filter>
    </ClInclude>
    <ClInclude Include="..\..\angleproject\trunk\src\compiler\preprocessor\new\DirectiveParser.h">
      <Filter>Header Files</Filter>
    </ClInclude>
    <ClInclude Include="..\..\angleproject\trunk\src\compiler\preprocessor\new\ExpressionParser.h">
      <Filter>Header Files</Filter>
    </ClInclude>
    <ClInclude Include="..\..\angleproject\trunk\src\compiler\preprocessor\new\Input.h">
      <Filter>Header Files</Filter>
    </ClInclude>
    <ClInclude Include="..\..\angleproject\trunk\src\compiler\preprocessor\new\Lexer.h">
      <Filter>Header Files</Filter>
    </ClInclude>
    <ClInclude Include="..\..\angleproject\trunk\src\compiler\preprocessor\new\Token.h">
      <Filter>Header Files</Filter>
    </ClInclude>
    <ClInclude Include="..\..\angleproject\trunk\src\compiler\preprocessor\new\Tokenizer.h">
      <Filter>Header Files</Filter>
    </ClInclude>
  </ItemGroup>
</Project>