
Microsoft Visual Studio Solution File, Format Version 11.00
# Visual Studio 2010
Project("{8BC9CEB8-8B4A-11D0-8D11-00A0C91BC942}") = "libGLESv2", "libGLESv2\libGLESv2.vcxproj", "{B57B5DCC-4882-4398-9ABD-7EB802ED3A84}"
	ProjectSection(ProjectDependencies) = postProject
		{7257D72E-19DB-4E70-B0B4-6C0A0B3BD91E} = {7257D72E-19DB-4E70-B0B4-6C0A0B3BD91E}
		{C94DC0AE-03E1-41C0-AE44-8E7F68EB24FB} = {C94DC0AE-03E1-41C0-AE44-8E7F68EB24FB}
		{B7A1DFED-A585-4E1B-A1D6-C0E938D10901} = {B7A1DFED-A585-4E1B-A1D6-C0E938D10901}
	EndProjectSection
EndProject
Project("{8BC9CEB8-8B4A-11D0-8D11-00A0C91BC942}") = "libEGL", "libEGL\libEGL.vcxproj", "{AA5F2743-5969-4B52-AB4A-F84586B1DB1A}"
	ProjectSection(ProjectDependencies) = postProject
		{B57B5DCC-4882-4398-9ABD-7EB802ED3A84} = {B57B5DCC-4882-4398-9ABD-7EB802ED3A84}
	EndProjectSection
EndProject
Project("{8BC9CEB8-8B4A-11D0-8D11-00A0C91BC942}") = "esUtil", "esUtil\esUtil.vcxproj", "{3026FEAD-8AAC-41E8-9501-5F794A31AE79}"
EndProject
Project("{8BC9CEB8-8B4A-11D0-8D11-00A0C91BC942}") = "Hello_Triangle", "Hello_Triangle\Hello_Triangle.vcxproj", "{078CD9EA-F2D0-4022-832E-190EF30E874A}"
	ProjectSection(ProjectDependencies) = postProject
		{AA5F2743-5969-4B52-AB4A-F84586B1DB1A} = {AA5F2743-5969-4B52-AB4A-F84586B1DB1A}
		{3026FEAD-8AAC-41E8-9501-5F794A31AE79} = {3026FEAD-8AAC-41E8-9501-5F794A31AE79}
		{B57B5DCC-4882-4398-9ABD-7EB802ED3A84} = {B57B5DCC-4882-4398-9ABD-7EB802ED3A84}
	EndProjectSection
EndProject
Project("{8BC9CEB8-8B4A-11D0-8D11-00A0C91BC942}") = "translator_common", "translator_common\translator_common.vcxproj", "{C94DC0AE-03E1-41C0-AE44-8E7F68EB24FB}"
EndProject
Project("{8BC9CEB8-8B4A-11D0-8D11-00A0C91BC942}") = "translator_hlsl", "translator_hlsl\translator_hlsl.vcxproj", "{7257D72E-19DB-4E70-B0B4-6C0A0B3BD91E}"
EndProject
Project("{8BC9CEB8-8B4A-11D0-8D11-00A0C91BC942}") = "preprocessor", "preprocessor\preprocessor.vcxproj", "{B7A1DFED-A585-4E1B-A1D6-C0E938D10901}"
EndProject
Project("{2150E333-8FDC-42A3-9474-1A3956D46DE8}") = "gles2_book", "gles2_book", "{BBCE1EAD-B329-4360-8B61-4E9C2141A982}"
EndProject
Project("{2150E333-8FDC-42A3-9474-1A3956D46DE8}") = "ANGLE", "ANGLE", "{76CB0BA7-83D3-483C-A684-1E469ED0BAD3}"
EndProject
Project("{8BC9CEB8-8B4A-11D0-8D11-00A0C91BC942}") = "MipMap2D", "MipMap2D\MipMap2D.vcxproj", "{6BB00FCC-0DF5-4EAA-B79F-71C81D51CB22}"
	ProjectSection(ProjectDependencies) = postProject
		{AA5F2743-5969-4B52-AB4A-F84586B1DB1A} = {AA5F2743-5969-4B52-AB4A-F84586B1DB1A}
		{3026FEAD-8AAC-41E8-9501-5F794A31AE79} = {3026FEAD-8AAC-41E8-9501-5F794A31AE79}
		{B57B5DCC-4882-4398-9ABD-7EB802ED3A84} = {B57B5DCC-4882-4398-9ABD-7EB802ED3A84}
	EndProjectSection
EndProject
Project("{8BC9CEB8-8B4A-11D0-8D11-00A0C91BC942}") = "MultiTexture", "MultiTexture\MultiTexture.vcxproj", "{40272FA3-5C09-4564-8574-9D901030FE53}"
	ProjectSection(ProjectDependencies) = postProject
		{AA5F2743-5969-4B52-AB4A-F84586B1DB1A} = {AA5F2743-5969-4B52-AB4A-F84586B1DB1A}
		{3026FEAD-8AAC-41E8-9501-5F794A31AE79} = {3026FEAD-8AAC-41E8-9501-5F794A31AE79}
		{B57B5DCC-4882-4398-9ABD-7EB802ED3A84} = {B57B5DCC-4882-4398-9ABD-7EB802ED3A84}
	EndProjectSection
EndProject
Project("{8BC9CEB8-8B4A-11D0-8D11-00A0C91BC942}") = "ParticleSystem", "ParticleSystem\ParticleSystem.vcxproj", "{FE09E838-0E78-4AEC-BB01-E97C8C242AE4}"
	ProjectSection(ProjectDependencies) = postProject
		{AA5F2743-5969-4B52-AB4A-F84586B1DB1A} = {AA5F2743-5969-4B52-AB4A-F84586B1DB1A}
		{3026FEAD-8AAC-41E8-9501-5F794A31AE79} = {3026FEAD-8AAC-41E8-9501-5F794A31AE79}
		{B57B5DCC-4882-4398-9ABD-7EB802ED3A84} = {B57B5DCC-4882-4398-9ABD-7EB802ED3A84}
	EndProjectSection
EndProject
Project("{8BC9CEB8-8B4A-11D0-8D11-00A0C91BC942}") = "PostSubBuffer", "PostSubBuffer\PostSubBuffer.vcxproj", "{B21E2154-D762-4A00-8C3F-FD09E75C2679}"
	ProjectSection(ProjectDependencies) = postProject
		{AA5F2743-5969-4B52-AB4A-F84586B1DB1A} = {AA5F2743-5969-4B52-AB4A-F84586B1DB1A}
		{3026FEAD-8AAC-41E8-9501-5F794A31AE79} = {3026FEAD-8AAC-41E8-9501-5F794A31AE79}
		{B57B5DCC-4882-4398-9ABD-7EB802ED3A84} = {B57B5DCC-4882-4398-9ABD-7EB802ED3A84}
	EndProjectSection
EndProject
Project("{8BC9CEB8-8B4A-11D0-8D11-00A0C91BC942}") = "Simple_Texture2D", "Simple_Texture2D\Simple_Texture2D.vcxproj", "{769D82B6-ECD2-4465-B66C-690012CF6245}"
	ProjectSection(ProjectDependencies) = postProject
		{AA5F2743-5969-4B52-AB4A-F84586B1DB1A} = {AA5F2743-5969-4B52-AB4A-F84586B1DB1A}
		{3026FEAD-8AAC-41E8-9501-5F794A31AE79} = {3026FEAD-8AAC-41E8-9501-5F794A31AE79}
		{B57B5DCC-4882-4398-9ABD-7EB802ED3A84} = {B57B5DCC-4882-4398-9ABD-7EB802ED3A84}
	EndProjectSection
EndProject
Project("{8BC9CEB8-8B4A-11D0-8D11-00A0C91BC942}") = "Simple_TextureCubemap", "Simple_TextureCubemap\Simple_TextureCubemap.vcxproj", "{727D3FA9-1B35-4F85-BC90-AC485878D1A3}"
	ProjectSection(ProjectDependencies) = postProject
		{AA5F2743-5969-4B52-AB4A-F84586B1DB1A} = {AA5F2743-5969-4B52-AB4A-F84586B1DB1A}
		{3026FEAD-8AAC-41E8-9501-5F794A31AE79} = {3026FEAD-8AAC-41E8-9501-5F794A31AE79}
		{B57B5DCC-4882-4398-9ABD-7EB802ED3A84} = {B57B5DCC-4882-4398-9ABD-7EB802ED3A84}
	EndProjectSection
EndProject
Project("{8BC9CEB8-8B4A-11D0-8D11-00A0C91BC942}") = "Simple_VertexShader", "Simple_VertexShader\Simple_VertexShader.vcxproj", "{0B82A34B-D233-4000-926C-3FB6F697F72D}"
	ProjectSection(ProjectDependencies) = postProject
		{AA5F2743-5969-4B52-AB4A-F84586B1DB1A} = {AA5F2743-5969-4B52-AB4A-F84586B1DB1A}
		{3026FEAD-8AAC-41E8-9501-5F794A31AE79} = {3026FEAD-8AAC-41E8-9501-5F794A31AE79}
		{B57B5DCC-4882-4398-9ABD-7EB802ED3A84} = {B57B5DCC-4882-4398-9ABD-7EB802ED3A84}
	EndProjectSection
EndProject
Project("{8BC9CEB8-8B4A-11D0-8D11-00A0C91BC942}") = "Stencil_Test", "Stencil_Test\Stencil_Test.vcxproj", "{2F5D1909-FCFB-4776-BEE6-96B0E2A8D78D}"
	ProjectSection(ProjectDependencies) = postProject
		{AA5F2743-5969-4B52-AB4A-F84586B1DB1A} = {AA5F2743-5969-4B52-AB4A-F84586B1DB1A}
		{3026FEAD-8AAC-41E8-9501-5F794A31AE79} = {3026FEAD-8AAC-41E8-9501-5F794A31AE79}
		{B57B5DCC-4882-4398-9ABD-7EB802ED3A84} = {B57B5DCC-4882-4398-9ABD-7EB802ED3A84}
	EndProjectSection
EndProject
Project("{8BC9CEB8-8B4A-11D0-8D11-00A0C91BC942}") = "TextureWrap", "TextureWrap\TextureWrap.vcxproj", "{1C00AE72-FF9D-4D7F-A2F5-1754C2879763}"
	ProjectSection(ProjectDependencies) = postProject
		{AA5F2743-5969-4B52-AB4A-F84586B1DB1A} = {AA5F2743-5969-4B52-AB4A-F84586B1DB1A}
		{3026FEAD-8AAC-41E8-9501-5F794A31AE79} = {3026FEAD-8AAC-41E8-9501-5F794A31AE79}
		{B57B5DCC-4882-4398-9ABD-7EB802ED3A84} = {B57B5DCC-4882-4398-9ABD-7EB802ED3A84}
	EndProjectSection
EndProject
Global
	GlobalSection(SolutionConfigurationPlatforms) = preSolution
		Debug|Win32 = Debug|Win32
		Release|Win32 = Release|Win32
	EndGlobalSection
	GlobalSection(ProjectConfigurationPlatforms) = postSolution
		{B57B5DCC-4882-4398-9ABD-7EB802ED3A84}.Debug|Win32.ActiveCfg = Debug|Win32
		{B57B5DCC-4882-4398-9ABD-7EB802ED3A84}.Debug|Win32.Build.0 = Debug|Win32
		{B57B5DCC-4882-4398-9ABD-7EB802ED3A84}.Release|Win32.ActiveCfg = Release|Win32
		{B57B5DCC-4882-4398-9ABD-7EB802ED3A84}.Release|Win32.Build.0 = Release|Win32
		{AA5F2743-5969-4B52-AB4A-F84586B1DB1A}.Debug|Win32.ActiveCfg = Debug|Win32
		{AA5F2743-5969-4B52-AB4A-F84586B1DB1A}.Debug|Win32.Build.0 = Debug|Win32
		{AA5F2743-5969-4B52-AB4A-F84586B1DB1A}.Release|Win32.ActiveCfg = Release|Win32
		{AA5F2743-5969-4B52-AB4A-F84586B1DB1A}.Release|Win32.Build.0 = Release|Win32
		{3026FEAD-8AAC-41E8-9501-5F794A31AE79}.Debug|Win32.ActiveCfg = Debug|Win32
		{3026FEAD-8AAC-41E8-9501-5F794A31AE79}.Debug|Win32.Build.0 = Debug|Win32
		{3026FEAD-8AAC-41E8-9501-5F794A31AE79}.Release|Win32.ActiveCfg = Release|Win32
		{3026FEAD-8AAC-41E8-9501-5F794A31AE79}.Release|Win32.Build.0 = Release|Win32
		{078CD9EA-F2D0-4022-832E-190EF30E874A}.Debug|Win32.ActiveCfg = Debug|Win32
		{078CD9EA-F2D0-4022-832E-190EF30E874A}.Debug|Win32.Build.0 = Debug|Win32
		{078CD9EA-F2D0-4022-832E-190EF30E874A}.Release|Win32.ActiveCfg = Release|Win32
		{078CD9EA-F2D0-4022-832E-190EF30E874A}.Release|Win32.Build.0 = Release|Win32
		{C94DC0AE-03E1-41C0-AE44-8E7F68EB24FB}.Debug|Win32.ActiveCfg = Debug|Win32
		{C94DC0AE-03E1-41C0-AE44-8E7F68EB24FB}.Debug|Win32.Build.0 = Debug|Win32
		{C94DC0AE-03E1-41C0-AE44-8E7F68EB24FB}.Release|Win32.ActiveCfg = Release|Win32
		{C94DC0AE-03E1-41C0-AE44-8E7F68EB24FB}.Release|Win32.Build.0 = Release|Win32
		{7257D72E-19DB-4E70-B0B4-6C0A0B3BD91E}.Debug|Win32.ActiveCfg = Debug|Win32
		{7257D72E-19DB-4E70-B0B4-6C0A0B3BD91E}.Debug|Win32.Build.0 = Debug|Win32
		{7257D72E-19DB-4E70-B0B4-6C0A0B3BD91E}.Release|Win32.ActiveCfg = Release|Win32
		{7257D72E-19DB-4E70-B0B4-6C0A0B3BD91E}.Release|Win32.Build.0 = Release|Win32
		{B7A1DFED-A585-4E1B-A1D6-C0E938D10901}.Debug|Win32.ActiveCfg = Debug|Win32
		{B7A1DFED-A585-4E1B-A1D6-C0E938D10901}.Debug|Win32.Build.0 = Debug|Win32
		{B7A1DFED-A585-4E1B-A1D6-C0E938D10901}.Release|Win32.ActiveCfg = Release|Win32
		{B7A1DFED-A585-4E1B-A1D6-C0E938D10901}.Release|Win32.Build.0 = Release|Win32
		{6BB00FCC-0DF5-4EAA-B79F-71C81D51CB22}.Debug|Win32.ActiveCfg = Debug|Win32
		{6BB00FCC-0DF5-4EAA-B79F-71C81D51CB22}.Debug|Win32.Build.0 = Debug|Win32
		{6BB00FCC-0DF5-4EAA-B79F-71C81D51CB22}.Release|Win32.ActiveCfg = Release|Win32
		{6BB00FCC-0DF5-4EAA-B79F-71C81D51CB22}.Release|Win32.Build.0 = Release|Win32
		{40272FA3-5C09-4564-8574-9D901030FE53}.Debug|Win32.ActiveCfg = Debug|Win32
		{40272FA3-5C09-4564-8574-9D901030FE53}.Debug|Win32.Build.0 = Debug|Win32
		{40272FA3-5C09-4564-8574-9D901030FE53}.Release|Win32.ActiveCfg = Release|Win32
		{40272FA3-5C09-4564-8574-9D901030FE53}.Release|Win32.Build.0 = Release|Win32
		{FE09E838-0E78-4AEC-BB01-E97C8C242AE4}.Debug|Win32.ActiveCfg = Debug|Win32
		{FE09E838-0E78-4AEC-BB01-E97C8C242AE4}.Debug|Win32.Build.0 = Debug|Win32
		{FE09E838-0E78-4AEC-BB01-E97C8C242AE4}.Release|Win32.ActiveCfg = Release|Win32
		{FE09E838-0E78-4AEC-BB01-E97C8C242AE4}.Release|Win32.Build.0 = Release|Win32
		{B21E2154-D762-4A00-8C3F-FD09E75C2679}.Debug|Win32.ActiveCfg = Debug|Win32
		{B21E2154-D762-4A00-8C3F-FD09E75C2679}.Debug|Win32.Build.0 = Debug|Win32
		{B21E2154-D762-4A00-8C3F-FD09E75C2679}.Release|Win32.ActiveCfg = Release|Win32
		{B21E2154-D762-4A00-8C3F-FD09E75C2679}.Release|Win32.Build.0 = Release|Win32
		{769D82B6-ECD2-4465-B66C-690012CF6245}.Debug|Win32.ActiveCfg = Debug|Win32
		{769D82B6-ECD2-4465-B66C-690012CF6245}.Debug|Win32.Build.0 = Debug|Win32
		{769D82B6-ECD2-4465-B66C-690012CF6245}.Release|Win32.ActiveCfg = Release|Win32
		{769D82B6-ECD2-4465-B66C-690012CF6245}.Release|Win32.Build.0 = Release|Win32
		{727D3FA9-1B35-4F85-BC90-AC485878D1A3}.Debug|Win32.ActiveCfg = Debug|Win32
		{727D3FA9-1B35-4F85-BC90-AC485878D1A3}.Debug|Win32.Build.0 = Debug|Win32
		{727D3FA9-1B35-4F85-BC90-AC485878D1A3}.Release|Win32.ActiveCfg = Release|Win32
		{727D3FA9-1B35-4F85-BC90-AC485878D1A3}.Release|Win32.Build.0 = Release|Win32
		{0B82A34B-D233-4000-926C-3FB6F697F72D}.Debug|Win32.ActiveCfg = Debug|Win32
		{0B82A34B-D233-4000-926C-3FB6F697F72D}.Debug|Win32.Build.0 = Debug|Win32
		{0B82A34B-D233-4000-926C-3FB6F697F72D}.Release|Win32.ActiveCfg = Release|Win32
		{0B82A34B-D233-4000-926C-3FB6F697F72D}.Release|Win32.Build.0 = Release|Win32
		{2F5D1909-FCFB-4776-BEE6-96B0E2A8D78D}.Debug|Win32.ActiveCfg = Debug|Win32
		{2F5D1909-FCFB-4776-BEE6-96B0E2A8D78D}.Debug|Win32.Build.0 = Debug|Win32
		{2F5D1909-FCFB-4776-BEE6-96B0E2A8D78D}.Release|Win32.ActiveCfg = Release|Win32
		{2F5D1909-FCFB-4776-BEE6-96B0E2A8D78D}.Release|Win32.Build.0 = Release|Win32
		{1C00AE72-FF9D-4D7F-A2F5-1754C2879763}.Debug|Win32.ActiveCfg = Debug|Win32
		{1C00AE72-FF9D-4D7F-A2F5-1754C2879763}.Debug|Win32.Build.0 = Debug|Win32
		{1C00AE72-FF9D-4D7F-A2F5-1754C2879763}.Release|Win32.ActiveCfg = Release|Win32
		{1C00AE72-FF9D-4D7F-A2F5-1754C2879763}.Release|Win32.Build.0 = Release|Win32
	EndGlobalSection
	GlobalSection(SolutionProperties) = preSolution
		HideSolutionNode = FALSE
	EndGlobalSection
	GlobalSection(NestedProjects) = preSolution
		{AA5F2743-5969-4B52-AB4A-F84586B1DB1A} = {76CB0BA7-83D3-483C-A684-1E469ED0BAD3}
		{C94DC0AE-03E1-41C0-AE44-8E7F68EB24FB} = {76CB0BA7-83D3-483C-A684-1E469ED0BAD3}
		{7257D72E-19DB-4E70-B0B4-6C0A0B3BD91E} = {76CB0BA7-83D3-483C-A684-1E469ED0BAD3}
		{B7A1DFED-A585-4E1B-A1D6-C0E938D10901} = {76CB0BA7-83D3-483C-A684-1E469ED0BAD3}
		{B57B5DCC-4882-4398-9ABD-7EB802ED3A84} = {76CB0BA7-83D3-483C-A684-1E469ED0BAD3}
		{078CD9EA-F2D0-4022-832E-190EF30E874A} = {BBCE1EAD-B329-4360-8B61-4E9C2141A982}
		{3026FEAD-8AAC-41E8-9501-5F794A31AE79} = {BBCE1EAD-B329-4360-8B61-4E9C2141A982}
		{6BB00FCC-0DF5-4EAA-B79F-71C81D51CB22} = {BBCE1EAD-B329-4360-8B61-4E9C2141A982}
		{40272FA3-5C09-4564-8574-9D901030FE53} = {BBCE1EAD-B329-4360-8B61-4E9C2141A982}
		{FE09E838-0E78-4AEC-BB01-E97C8C242AE4} = {BBCE1EAD-B329-4360-8B61-4E9C2141A982}
		{B21E2154-D762-4A00-8C3F-FD09E75C2679} = {BBCE1EAD-B329-4360-8B61-4E9C2141A982}
		{769D82B6-ECD2-4465-B66C-690012CF6245} = {BBCE1EAD-B329-4360-8B61-4E9C2141A982}
		{727D3FA9-1B35-4F85-BC90-AC485878D1A3} = {BBCE1EAD-B329-4360-8B61-4E9C2141A982}
		{0B82A34B-D233-4000-926C-3FB6F697F72D} = {BBCE1EAD-B329-4360-8B61-4E9C2141A982}
		{2F5D1909-FCFB-4776-BEE6-96B0E2A8D78D} = {BBCE1EAD-B329-4360-8B61-4E9C2141A982}
		{1C00AE72-FF9D-4D7F-A2F5-1754C2879763} = {BBCE1EAD-B329-4360-8B61-4E9C2141A982}
	EndGlobalSection
EndGlobal
